
Microsoft Visual Studio Solution File, Format Version 12.00
# Visual Studio Version 16
VisualStudioVersion = 16.0.31025.194
MinimumVisualStudioVersion = 10.0.40219.1
Project("{FAE04EC0-301F-11D3-BF4B-00C04F79EFBC}") = "KisiselWebProjesi", "KisiselWebProjesi\KisiselWebProjesi.csproj", "{0E66BEF0-D425-4FF4-9625-79F44722E54A}"
EndProject
Global
	GlobalSection(SolutionConfigurationPlatforms) = preSolution
		Debug|Any CPU = Debug|Any CPU
		Release|Any CPU = Release|Any CPU
	EndGlobalSection
	GlobalSection(ProjectConfigurationPlatforms) = postSolution
		{0E66BEF0-D425-4FF4-9625-79F44722E54A}.Debug|Any CPU.ActiveCfg = Debug|Any CPU
		{0E66BEF0-D425-4FF4-9625-79F44722E54A}.Debug|Any CPU.Build.0 = Debug|Any CPU
		{0E66BEF0-D425-4FF4-9625-79F44722E54A}.Release|Any CPU.ActiveCfg = Release|Any CPU
		{0E66BEF0-D425-4FF4-9625-79F44722E54A}.Release|Any CPU.Build.0 = Release|Any CPU
	EndGlobalSection
	GlobalSection(SolutionProperties) = preSolution
		HideSolutionNode = FALSE
	EndGlobalSection
	GlobalSection(ExtensibilityGlobals) = postSolution
		SolutionGuid = {8374E2C4-7C12-4A93-90A6-09805814267D}
	EndGlobalSection
EndGlobal
